// !$*UTF8*$!
{
	archiveVersion = 1;
	classes = {
	};
	objectVersion = 48;
	objects = {

/* Begin PBXBuildFile section */
		5B2595F81F90DA9400C6A39D /* MobileNet.mlmodel in Sources */ = {isa = PBXBuildFile; fileRef = 5B2595F71F90DA8C00C6A39D /* MobileNet.mlmodel */; };
		5BA40A791F90B00B0085A4B9 /* AppDelegate.swift in Sources */ = {isa = PBXBuildFile; fileRef = 5BA40A781F90B00B0085A4B9 /* AppDelegate.swift */; };
		5BA40A7B1F90B00B0085A4B9 /* ViewController.swift in Sources */ = {isa = PBXBuildFile; fileRef = 5BA40A7A1F90B00B0085A4B9 /* ViewController.swift */; };
		5BA40A7E1F90B00B0085A4B9 /* Main.storyboard in Resources */ = {isa = PBXBuildFile; fileRef = 5BA40A7C1F90B00B0085A4B9 /* Main.storyboard */; };
		5BA40A801F90B00B0085A4B9 /* Assets.xcassets in Resources */ = {isa = PBXBuildFile; fileRef = 5BA40A7F1F90B00B0085A4B9 /* Assets.xcassets */; };
		5BA40A8D1F90D5BA0085A4B9 /* UIImage+CVPixelBuffer.swift in Sources */ = {isa = PBXBuildFile; fileRef = 5BA40A8C1F90D5BA0085A4B9 /* UIImage+CVPixelBuffer.swift */; };
/* End PBXBuildFile section */

/* Begin PBXFileReference section */
		5B2595F71F90DA8C00C6A39D /* MobileNet.mlmodel */ = {isa = PBXFileReference; lastKnownFileType = file.mlmodel; path = MobileNet.mlmodel; sourceTree = "<group>"; };
		5BA40A751F90B00B0085A4B9 /* coreMLExample.app */ = {isa = PBXFileReference; explicitFileType = wrapper.application; includeInIndex = 0; path = coreMLExample.app; sourceTree = BUILT_PRODUCTS_DIR; };
		5BA40A781F90B00B0085A4B9 /* AppDelegate.swift */ = {isa = PBXFileReference; lastKnownFileType = sourcecode.swift; path = AppDelegate.swift; sourceTree = "<group>"; };
		5BA40A7A1F90B00B0085A4B9 /* ViewController.swift */ = {isa = PBXFileReference; lastKnownFileType = sourcecode.swift; path = ViewController.swift; sourceTree = "<group>"; };
		5BA40A7D1F90B00B0085A4B9 /* Base */ = {isa = PBXFileReference; lastKnownFileType = file.storyboard; name = Base; path = Base.lproj/Main.storyboard; sourceTree = "<group>"; };
		5BA40A7F1F90B00B0085A4B9 /* Assets.xcassets */ = {isa = PBXFileReference; lastKnownFileType = folder.assetcatalog; path = Assets.xcassets; sourceTree = "<group>"; };
		5BA40A841F90B00B0085A4B9 /* Info.plist */ = {isa = PBXFileReference; lastKnownFileType = text.plist.xml; path = Info.plist; sourceTree = "<group>"; };
		5BA40A8C1F90D5BA0085A4B9 /* UIImage+CVPixelBuffer.swift */ = {isa = PBXFileReference; lastKnownFileType = sourcecode.swift; path = "UIImage+CVPixelBuffer.swift"; sourceTree = "<group>"; };
/* End PBXFileReference section */

/* Begin PBXFrameworksBuildPhase section */
		5BA40A721F90B00B0085A4B9 /* Frameworks */ = {
			isa = PBXFrameworksBuildPhase;
			buildActionMask = 2147483647;
			files = (
			);
			runOnlyForDeploymentPostprocessing = 0;
		};
/* End PBXFrameworksBuildPhase section */

/* Begin PBXGroup section */
		5BA40A6C1F90B00B0085A4B9 = {
			isa = PBXGroup;
			children = (
				5BA40A771F90B00B0085A4B9 /* coreMLExample */,
				5BA40A761F90B00B0085A4B9 /* Products */,
			);
			sourceTree = "<group>";
		};
		5BA40A761F90B00B0085A4B9 /* Products */ = {
			isa = PBXGroup;
			children = (
				5BA40A751F90B00B0085A4B9 /* coreMLExample.app */,
			);
			name = Products;
			sourceTree = "<group>";
		};
		5BA40A771F90B00B0085A4B9 /* coreMLExample */ = {
			isa = PBXGroup;
			children = (
				5B2595F71F90DA8C00C6A39D /* MobileNet.mlmodel */,
				5BA40A781F90B00B0085A4B9 /* AppDelegate.swift */,
				5BA40A7A1F90B00B0085A4B9 /* ViewController.swift */,
				5BA40A7C1F90B00B0085A4B9 /* Main.storyboard */,
				5BA40A8C1F90D5BA0085A4B9 /* UIImage+CVPixelBuffer.swift */,
				5BA40A7F1F90B00B0085A4B9 /* Assets.xcassets */,
				5BA40A841F90B00B0085A4B9 /* Info.plist */,
			);
			path = coreMLExample;
			sourceTree = "<group>";
		};
/* End PBXGroup section */

/* Begin PBXNativeTarget section */
		5BA40A741F90B00B0085A4B9 /* coreMLExample */ = {
			isa = PBXNativeTarget;
			buildConfigurationList = 5BA40A871F90B00B0085A4B9 /* Build configuration list for PBXNativeTarget "coreMLExample" */;
			buildPhases = (
				5BA40A711F90B00B0085A4B9 /* Sources */,
				5BA40A721F90B00B0085A4B9 /* Frameworks */,
				5BA40A731F90B00B0085A4B9 /* Resources */,
			);
			buildRules = (
			);
			dependencies = (
			);
			name = coreMLExample;
			productName = coreMLExample;
			productReference = 5BA40A751F90B00B0085A4B9 /* coreMLExample.app */;
			productType = "com.apple.product-type.application";
		};
/* End PBXNativeTarget section */

/* Begin PBXProject section */
		5BA40A6D1F90B00B0085A4B9 /* Project object */ = {
			isa = PBXProject;
			attributes = {
				LastSwiftUpdateCheck = 0900;
				LastUpgradeCheck = 0900;
				ORGANIZATIONNAME = "flowkey GmbH";
				TargetAttributes = {
					5BA40A741F90B00B0085A4B9 = {
						CreatedOnToolsVersion = 9.0;
						ProvisioningStyle = Automatic;
					};
				};
			};
			buildConfigurationList = 5BA40A701F90B00B0085A4B9 /* Build configuration list for PBXProject "coreMLExample" */;
			compatibilityVersion = "Xcode 8.0";
			developmentRegion = en;
			hasScannedForEncodings = 0;
			knownRegions = (
				en,
				Base,
			);
			mainGroup = 5BA40A6C1F90B00B0085A4B9;
			productRefGroup = 5BA40A761F90B00B0085A4B9 /* Products */;
			projectDirPath = "";
			projectRoot = "";
			targets = (
				5BA40A741F90B00B0085A4B9 /* coreMLExample */,
			);
		};
/* End PBXProject section */

/* Begin PBXResourcesBuildPhase section */
		5BA40A731F90B00B0085A4B9 /* Resources */ = {
			isa = PBXResourcesBuildPhase;
			buildActionMask = 2147483647;
			files = (
				5BA40A801F90B00B0085A4B9 /* Assets.xcassets in Resources */,
				5BA40A7E1F90B00B0085A4B9 /* Main.storyboard in Resources */,
			);
			runOnlyForDeploymentPostprocessing = 0;
		};
/* End PBXResourcesBuildPhase section */

/* Begin PBXSourcesBuildPhase section */
		5BA40A711F90B00B0085A4B9 /* Sources */ = {
			isa = PBXSourcesBuildPhase;
			buildActionMask = 2147483647;
			files = (
				5B2595F81F90DA9400C6A39D /* MobileNet.mlmodel in Sources */,
				5BA40A7B1F90B00B0085A4B9 /* ViewController.swift in Sources */,
				5BA40A791F90B00B0085A4B9 /* AppDelegate.swift in Sources */,
				5BA40A8D1F90D5BA0085A4B9 /* UIImage+CVPixelBuffer.swift in Sources */,
			);
			runOnlyForDeploymentPostprocessing = 0;
		};
/* End PBXSourcesBuildPhase section */

/* Begin PBXVariantGroup section */
		5BA40A7C1F90B00B0085A4B9 /* Main.storyboard */ = {
			isa = PBXVariantGroup;
			children = (
				5BA40A7D1F90B00B0085A4B9 /* Base */,
			);
			name = Main.storyboard;
			sourceTree = "<group>";
		};
/* End PBXVariantGroup section */

/* Begin XCBuildConfiguration section */
		5BA40A851F90B00B0085A4B9 /* Debug */ = {
			isa = XCBuildConfiguration;
			buildSettings = {
				ALWAYS_SEARCH_USER_PATHS = NO;
				CLANG_ANALYZER_NONNULL = YES;
				CLANG_ANALYZER_NUMBER_OBJECT_CONVERSION = YES_AGGRESSIVE;
				CLANG_CXX_LANGUAGE_STANDARD = "gnu++14";
				CLANG_CXX_LIBRARY = "libc++";
				CLANG_ENABLE_MODULES = YES;
				CLANG_ENABLE_OBJC_ARC = YES;
				CLANG_WARN_BLOCK_CAPTURE_AUTORELEASING = YES;
				CLANG_WARN_BOOL_CONVERSION = YES;
				CLANG_WARN_COMMA = YES;
				CLANG_WARN_CONSTANT_CONVERSION = YES;
				CLANG_WARN_DIRECT_OBJC_ISA_USAGE = YES_ERROR;
				CLANG_WARN_DOCUMENTATION_COMMENTS = YES;
				CLANG_WARN_EMPTY_BODY = YES;
				CLANG_WARN_ENUM_CONVERSION = YES;
				CLANG_WARN_INFINITE_RECURSION = YES;
				CLANG_WARN_INT_CONVERSION = YES;
				CLANG_WARN_NON_LITERAL_NULL_CONVERSION = YES;
				CLANG_WARN_OBJC_LITERAL_CONVERSION = YES;
				CLANG_WARN_OBJC_ROOT_CLASS = YES_ERROR;
				CLANG_WARN_RANGE_LOOP_ANALYSIS = YES;
				CLANG_WARN_STRICT_PROTOTYPES = YES;
				CLANG_WARN_SUSPICIOUS_MOVE = YES;
				CLANG_WARN_UNGUARDED_AVAILABILITY = YES_AGGRESSIVE;
				CLANG_WARN_UNREACHABLE_CODE = YES;
				CLANG_WARN__DUPLICATE_METHOD_MATCH = YES;
				CODE_SIGN_IDENTITY = "iPhone Developer";
				COPY_PHASE_STRIP = NO;
				DEBUG_INFORMATION_FORMAT = dwarf;
				ENABLE_STRICT_OBJC_MSGSEND = YES;
				ENABLE_TESTABILITY = YES;
				GCC_C_LANGUAGE_STANDARD = gnu11;
				GCC_DYNAMIC_NO_PIC = NO;
				GCC_NO_COMMON_BLOCKS = YES;
				GCC_OPTIMIZATION_LEVEL = 0;
				GCC_PREPROCESSOR_DEFINITIONS = (
					"DEBUG=1",
					"$(inherited)",
				);
				GCC_WARN_64_TO_32_BIT_CONVERSION = YES;
				GCC_WARN_ABOUT_RETURN_TYPE = YES_ERROR;
				GCC_WARN_UNDECLARED_SELECTOR = YES;
				GCC_WARN_UNINITIALIZED_AUTOS = YES_AGGRESSIVE;
				GCC_WARN_UNUSED_FUNCTION = YES;
				GCC_WARN_UNUSED_VARIABLE = YES;
				IPHONEOS_DEPLOYMENT_TARGET = 11.0;
				MTL_ENABLE_DEBUG_INFO = YES;
				ONLY_ACTIVE_ARCH = YES;
				SDKROOT = iphoneos;
				SWIFT_ACTIVE_COMPILATION_CONDITIONS = DEBUG;
				SWIFT_OPTIMIZATION_LEVEL = "-Onone";
			};
			name = Debug;
		};
		5BA40A861F90B00B0085A4B9 /* Release */ = {
			isa = XCBuildConfiguration;
			buildSettings = {
				ALWAYS_SEARCH_USER_PATHS = NO;
				CLANG_ANALYZER_NONNULL = YES;
				CLANG_ANALYZER_NUMBER_OBJECT_CONVERSION = YES_AGGRESSIVE;
				CLANG_CXX_LANGUAGE_STANDARD = "gnu++14";
				CLANG_CXX_LIBRARY = "libc++";
				CLANG_ENABLE_MODULES = YES;
				CLANG_ENABLE_OBJC_ARC = YES;
				CLANG_WARN_BLOCK_CAPTURE_AUTORELEASING = YES;
				CLANG_WARN_BOOL_CONVERSION = YES;
				CLANG_WARN_COMMA = YES;
				CLANG_WARN_CONSTANT_CONVERSION = YES;
				CLANG_WARN_DIRECT_OBJC_ISA_USAGE = YES_ERROR;
				CLANG_WARN_DOCUMENTATION_COMMENTS = YES;
				CLANG_WARN_EMPTY_BODY = YES;
				CLANG_WARN_ENUM_CONVERSION = YES;
				CLANG_WARN_INFINITE_RECURSION = YES;
				CLANG_WARN_INT_CONVERSION = YES;
				CLANG_WARN_NON_LITERAL_NULL_CONVERSION = YES;
				CLANG_WARN_OBJC_LITERAL_CONVERSION = YES;
				CLANG_WARN_OBJC_ROOT_CLASS = YES_ERROR;
				CLANG_WARN_RANGE_LOOP_ANALYSIS = YES;
				CLANG_WARN_STRICT_PROTOTYPES = YES;
				CLANG_WARN_SUSPICIOUS_MOVE = YES;
				CLANG_WARN_UNGUARDED_AVAILABILITY = YES_AGGRESSIVE;
				CLANG_WARN_UNREACHABLE_CODE = YES;
				CLANG_WARN__DUPLICATE_METHOD_MATCH = YES;
				CODE_SIGN_IDENTITY = "iPhone Developer";
				COPY_PHASE_STRIP = NO;
				DEBUG_INFORMATION_FORMAT = "dwarf-with-dsym";
				ENABLE_NS_ASSERTIONS = NO;
				ENABLE_STRICT_OBJC_MSGSEND = YES;
				GCC_C_LANGUAGE_STANDARD = gnu11;
				GCC_NO_COMMON_BLOCKS = YES;
				GCC_WARN_64_TO_32_BIT_CONVERSION = YES;
				GCC_WARN_ABOUT_RETURN_TYPE = YES_ERROR;
				GCC_WARN_UNDECLARED_SELECTOR = YES;
				GCC_WARN_UNINITIALIZED_AUTOS = YES_AGGRESSIVE;
				GCC_WARN_UNUSED_FUNCTION = YES;
				GCC_WARN_UNUSED_VARIABLE = YES;
				IPHONEOS_DEPLOYMENT_TARGET = 11.0;
				MTL_ENABLE_DEBUG_INFO = NO;
				SDKROOT = iphoneos;
				SWIFT_OPTIMIZATION_LEVEL = "-Owholemodule";
				VALIDATE_PRODUCT = YES;
			};
			name = Release;
		};
		5BA40A881F90B00B0085A4B9 /* Debug */ = {
			isa = XCBuildConfiguration;
			buildSettings = {
				ASSETCATALOG_COMPILER_APPICON_NAME = AppIcon;
				CODE_SIGN_STYLE = Automatic;
				DEVELOPMENT_TEAM = FTSYMMN5B5;
				INFOPLIST_FILE = coreMLExample/Info.plist;
				LD_RUNPATH_SEARCH_PATHS = "$(inherited) @executable_path/Frameworks";
				PRODUCT_BUNDLE_IDENTIFIER = com.flowkey.coreMLExample;
				PRODUCT_NAME = "$(TARGET_NAME)";
				SWIFT_VERSION = 4.0;
				TARGETED_DEVICE_FAMILY = "1,2";
			};
			name = Debug;
		};
		5BA40A891F90B00B0085A4B9 /* Release */ = {
			isa = XCBuildConfiguration;
			buildSettings = {
				ASSETCATALOG_COMPILER_APPICON_NAME = AppIcon;
				CODE_SIGN_STYLE = Automatic;
				DEVELOPMENT_TEAM = FTSYMMN5B5;
				INFOPLIST_FILE = coreMLExample/Info.plist;
				LD_RUNPATH_SEARCH_PATHS = "$(inherited) @executable_path/Frameworks";
				PRODUCT_BUNDLE_IDENTIFIER = com.flowkey.coreMLExample;
				PRODUCT_NAME = "$(TARGET_NAME)";
				SWIFT_VERSION = 4.0;
				TARGETED_DEVICE_FAMILY = "1,2";
			};
			name = Release;
		};
/* End XCBuildConfiguration section */

/* Begin XCConfigurationList section */
		5BA40A701F90B00B0085A4B9 /* Build configuration list for PBXProject "coreMLExample" */ = {
			isa = XCConfigurationList;
			buildConfigurations = (
				5BA40A851F90B00B0085A4B9 /* Debug */,
				5BA40A861F90B00B0085A4B9 /* Release */,
			);
			defaultConfigurationIsVisible = 0;
			defaultConfigurationName = Release;
		};
		5BA40A871F90B00B0085A4B9 /* Build configuration list for PBXNativeTarget "coreMLExample" */ = {
			isa = XCConfigurationList;
			buildConfigurations = (
				5BA40A881F90B00B0085A4B9 /* Debug */,
				5BA40A891F90B00B0085A4B9 /* Release */,
			);
			defaultConfigurationIsVisible = 0;
			defaultConfigurationName = Release;
		};
/* End XCConfigurationList section */
	};
	rootObject = 5BA40A6D1F90B00B0085A4B9 /* Project object */;
}
